// !$*UTF8*$!
{
	archiveVersion = 1;
	classes = {
	};
	objectVersion = 46;
	objects = {

/* Begin PBXBuildFile section */
		AA9559A5196A708E00C9272F /* libz.dylib in Frameworks */ = {isa = PBXBuildFile; fileRef = AA9559A4196A708E00C9272F /* libz.dylib */; };
		AA99BA031FF5901200DC117C /* SOGraphDB in Resources */ = {isa = PBXBuildFile; fileRef = AA99BA021FF5901200DC117C /* SOGraphDB */; };
		AA99BA1B1FF6D32600DC117C /* SOGraphDB_old in Resources */ = {isa = PBXBuildFile; fileRef = AA99BA1A1FF6D32600DC117C /* SOGraphDB_old */; };
		AA99BA1D1FF6D3F700DC117C /* SOGraphDB_ObjC in Resources */ = {isa = PBXBuildFile; fileRef = AA99BA1C1FF6D3F600DC117C /* SOGraphDB_ObjC */; };
		AA99BA1F1FF6DB1D00DC117C /* CHANGELOG.md in Resources */ = {isa = PBXBuildFile; fileRef = AA99BA1E1FF6DB1C00DC117C /* CHANGELOG.md */; };
		AA99BA211FF6DD1D00DC117C /* SOGraphDB_iOS in Resources */ = {isa = PBXBuildFile; fileRef = AA99BA201FF6DD1D00DC117C /* SOGraphDB_iOS */; };
		AA99BA231FF6DD5600DC117C /* SOGraphDB_osx in Resources */ = {isa = PBXBuildFile; fileRef = AA99BA221FF6DD5500DC117C /* SOGraphDB_osx */; };
		AA9E3704196E5C2500EEB9AF /* libz.dylib in Frameworks */ = {isa = PBXBuildFile; fileRef = AA9559A4196A708E00C9272F /* libz.dylib */; };
		AAAC977A1945B19900EFEB14 /* main.swift in Sources */ = {isa = PBXBuildFile; fileRef = AAAC97791945B19900EFEB14 /* main.swift */; };
		AAAC977C1945B19900EFEB14 /* AppDelegate.swift in Sources */ = {isa = PBXBuildFile; fileRef = AAAC977B1945B19900EFEB14 /* AppDelegate.swift */; };
		AAAC977E1945B19900EFEB14 /* Images.xcassets in Resources */ = {isa = PBXBuildFile; fileRef = AAAC977D1945B19900EFEB14 /* Images.xcassets */; };
		AAAC97811945B19900EFEB14 /* MainMenu.xib in Resources */ = {isa = PBXBuildFile; fileRef = AAAC977F1945B19900EFEB14 /* MainMenu.xib */; };
		AAB55B4819B2FBDE00843D67 /* main.swift in Sources */ = {isa = PBXBuildFile; fileRef = AAB55B4719B2FBDE00843D67 /* main.swift */; };
		AAB55B5219B3011100843D67 /* XCTest.framework in Frameworks */ = {isa = PBXBuildFile; fileRef = AAB55B5119B3011100843D67 /* XCTest.framework */; };
		AAB55B5419B30BD800843D67 /* LocalTest.swift in Sources */ = {isa = PBXBuildFile; fileRef = AAB55B5319B30BD800843D67 /* LocalTest.swift */; };
		AABB0E16194823C40021A789 /* SOGraphDB.framework in Frameworks */ = {isa = PBXBuildFile; fileRef = AAAC97E81946C35600EFEB14 /* SOGraphDB.framework */; };
		AADC3157198E931C000C49BB /* libz.dylib in Frameworks */ = {isa = PBXBuildFile; fileRef = AA9E36FE196DCCCE00EEB9AF /* libz.dylib */; };
/* End PBXBuildFile section */

/* Begin PBXContainerItemProxy section */
		AA913BF21948256200DCA4FA /* PBXContainerItemProxy */ = {
			isa = PBXContainerItemProxy;
			containerPortal = AA8A1CBA192A88A000927E1F /* Project object */;
			proxyType = 1;
			remoteGlobalIDString = AAAC97E71946C35600EFEB14;
			remoteInfo = "SOGraphDB-iOS";
		};
		AA913BF41948256200DCA4FA /* PBXContainerItemProxy */ = {
			isa = PBXContainerItemProxy;
			containerPortal = AA8A1CBA192A88A000927E1F /* Project object */;
			proxyType = 1;
			remoteGlobalIDString = AAAC97E71946C35600EFEB14;
			remoteInfo = "SOGraphDB-iOS";
		};
		AA913BF8194825F900DCA4FA /* PBXContainerItemProxy */ = {
			isa = PBXContainerItemProxy;
			containerPortal = AA8A1CBA192A88A000927E1F /* Project object */;
			proxyType = 1;
			remoteGlobalIDString = AAAC97E71946C35600EFEB14;
			remoteInfo = "SOGraphDB-iOS";
		};
		AA931E00194C815A002CC728 /* PBXContainerItemProxy */ = {
			isa = PBXContainerItemProxy;
			containerPortal = AA8A1CBA192A88A000927E1F /* Project object */;
			proxyType = 1;
			remoteGlobalIDString = AAAC97E71946C35600EFEB14;
			remoteInfo = "SOGraphDB-iOS";
		};
		AA9E3700196E5C1400EEB9AF /* PBXContainerItemProxy */ = {
			isa = PBXContainerItemProxy;
			containerPortal = AA8A1CBA192A88A000927E1F /* Project object */;
			proxyType = 1;
			remoteGlobalIDString = AAAC97E71946C35600EFEB14;
			remoteInfo = "SOGraphDB-iOS";
		};
		AA9E3702196E5C1500EEB9AF /* PBXContainerItemProxy */ = {
			isa = PBXContainerItemProxy;
			containerPortal = AA8A1CBA192A88A000927E1F /* Project object */;
			proxyType = 1;
			remoteGlobalIDString = AAAC97E71946C35600EFEB14;
			remoteInfo = "SOGraphDB-iOS";
		};
		AA9E371F196E68A100EEB9AF /* PBXContainerItemProxy */ = {
			isa = PBXContainerItemProxy;
			containerPortal = AA8A1CBA192A88A000927E1F /* Project object */;
			proxyType = 1;
			remoteGlobalIDString = AAAC97E71946C35600EFEB14;
			remoteInfo = "SOGraphDB-iOS";
		};
		AA9E3721196E68A100EEB9AF /* PBXContainerItemProxy */ = {
			isa = PBXContainerItemProxy;
			containerPortal = AA8A1CBA192A88A000927E1F /* Project object */;
			proxyType = 1;
			remoteGlobalIDString = AAAC97E71946C35600EFEB14;
			remoteInfo = "SOGraphDB-iOS";
		};
		AAAC97871945B19900EFEB14 /* PBXContainerItemProxy */ = {
			isa = PBXContainerItemProxy;
			containerPortal = AA8A1CBA192A88A000927E1F /* Project object */;
			proxyType = 1;
			remoteGlobalIDString = AAAC97741945B19900EFEB14;
			remoteInfo = Demo;
		};
		AAAC97941945B19B00EFEB14 /* PBXContainerItemProxy */ = {
			isa = PBXContainerItemProxy;
			containerPortal = AA8A1CBA192A88A000927E1F /* Project object */;
			proxyType = 1;
			remoteGlobalIDString = AAAC97741945B19900EFEB14;
			remoteInfo = Demo;
		};
		AAAC97961945B19B00EFEB14 /* PBXContainerItemProxy */ = {
			isa = PBXContainerItemProxy;
			containerPortal = AA8A1CBA192A88A000927E1F /* Project object */;
			proxyType = 1;
			remoteGlobalIDString = AAAC97741945B19900EFEB14;
			remoteInfo = Demo;
		};
		AAAC97981945B19B00EFEB14 /* PBXContainerItemProxy */ = {
			isa = PBXContainerItemProxy;
			containerPortal = AA8A1CBA192A88A000927E1F /* Project object */;
			proxyType = 1;
			remoteGlobalIDString = AAAC97741945B19900EFEB14;
			remoteInfo = Demo;
		};
		AAAC979A1945B19C00EFEB14 /* PBXContainerItemProxy */ = {
			isa = PBXContainerItemProxy;
			containerPortal = AA8A1CBA192A88A000927E1F /* Project object */;
			proxyType = 1;
			remoteGlobalIDString = AAAC97741945B19900EFEB14;
			remoteInfo = Demo;
		};
		AAAC979F1945B28A00EFEB14 /* PBXContainerItemProxy */ = {
			isa = PBXContainerItemProxy;
			containerPortal = AA8A1CBA192A88A000927E1F /* Project object */;
			proxyType = 1;
			remoteGlobalIDString = AAAC97741945B19900EFEB14;
			remoteInfo = Demo;
		};
		AAB3C89D1A21B68C002EB6F3 /* PBXContainerItemProxy */ = {
			isa = PBXContainerItemProxy;
			containerPortal = AA8A1CBA192A88A000927E1F /* Project object */;
			proxyType = 1;
			remoteGlobalIDString = AA8A1CC2192A88A000927E1F;
			remoteInfo = "SOGraphDB-Mac";
		};
		AAB55B5519B30CA300843D67 /* PBXContainerItemProxy */ = {
			isa = PBXContainerItemProxy;
			containerPortal = AA8A1CBA192A88A000927E1F /* Project object */;
			proxyType = 1;
			remoteGlobalIDString = AA8A1CC2192A88A000927E1F;
			remoteInfo = "SOGraphDB-Mac";
		};
		AABB0E17194823C40021A789 /* PBXContainerItemProxy */ = {
			isa = PBXContainerItemProxy;
			containerPortal = AA8A1CBA192A88A000927E1F /* Project object */;
			proxyType = 1;
			remoteGlobalIDString = AAAC97E71946C35600EFEB14;
			remoteInfo = "SOGraphDB-iOS";
		};
/* End PBXContainerItemProxy section */

/* Begin PBXCopyFilesBuildPhase section */
		AAB55B4319B2FBDE00843D67 /* CopyFiles */ = {
			isa = PBXCopyFilesBuildPhase;
			buildActionMask = 2147483647;
			dstPath = /usr/share/man/man1/;
			dstSubfolderSpec = 0;
			files = (
			);
			runOnlyForDeploymentPostprocessing = 1;
		};
/* End PBXCopyFilesBuildPhase section */

/* Begin PBXFileReference section */
		AA3677CD1B41B81600BAAA3B /* CloudKit.framework */ = {isa = PBXFileReference; lastKnownFileType = wrapper.framework; name = CloudKit.framework; path = System/Library/Frameworks/CloudKit.framework; sourceTree = SDKROOT; };
		AA3677CF1B41B83300BAAA3B /* SOCore.framework */ = {isa = PBXFileReference; lastKnownFileType = wrapper.framework; path = SOCore.framework; sourceTree = BUILT_PRODUCTS_DIR; };
		AA8A1CC3192A88A000927E1F /* SOGraphDB.framework */ = {isa = PBXFileReference; explicitFileType = wrapper.framework; includeInIndex = 0; path = SOGraphDB.framework; sourceTree = BUILT_PRODUCTS_DIR; };
		AA8A1CC9192A88A000927E1F /* Foundation.framework */ = {isa = PBXFileReference; lastKnownFileType = wrapper.framework; name = Foundation.framework; path = System/Library/Frameworks/Foundation.framework; sourceTree = SDKROOT; };
		AA8A1CCA192A88A000927E1F /* CoreData.framework */ = {isa = PBXFileReference; lastKnownFileType = wrapper.framework; name = CoreData.framework; path = System/Library/Frameworks/CoreData.framework; sourceTree = SDKROOT; };
		AA8A1CCB192A88A000927E1F /* AppKit.framework */ = {isa = PBXFileReference; lastKnownFileType = wrapper.framework; name = AppKit.framework; path = System/Library/Frameworks/AppKit.framework; sourceTree = SDKROOT; };
		AA8A1CDB192A88A000927E1F /* XCTest.framework */ = {isa = PBXFileReference; lastKnownFileType = wrapper.framework; name = XCTest.framework; path = Library/Frameworks/XCTest.framework; sourceTree = DEVELOPER_DIR; };
		AA9559A4196A708E00C9272F /* libz.dylib */ = {isa = PBXFileReference; lastKnownFileType = "compiled.mach-o.dylib"; name = libz.dylib; path = Platforms/iPhoneOS.platform/Developer/SDKs/iPhoneOS8.0.sdk/usr/lib/libz.dylib; sourceTree = DEVELOPER_DIR; };
		AA99BA021FF5901200DC117C /* SOGraphDB */ = {isa = PBXFileReference; lastKnownFileType = folder; path = SOGraphDB; sourceTree = "<group>"; };
		AA99BA1A1FF6D32600DC117C /* SOGraphDB_old */ = {isa = PBXFileReference; lastKnownFileType = folder; path = SOGraphDB_old; sourceTree = "<group>"; };
		AA99BA1C1FF6D3F600DC117C /* SOGraphDB_ObjC */ = {isa = PBXFileReference; lastKnownFileType = folder; path = SOGraphDB_ObjC; sourceTree = "<group>"; };
		AA99BA1E1FF6DB1C00DC117C /* CHANGELOG.md */ = {isa = PBXFileReference; fileEncoding = 4; lastKnownFileType = net.daringfireball.markdown; path = CHANGELOG.md; sourceTree = "<group>"; };
		AA99BA201FF6DD1D00DC117C /* SOGraphDB_iOS */ = {isa = PBXFileReference; lastKnownFileType = folder; path = SOGraphDB_iOS; sourceTree = "<group>"; };
		AA99BA221FF6DD5500DC117C /* SOGraphDB_osx */ = {isa = PBXFileReference; lastKnownFileType = folder; path = SOGraphDB_osx; sourceTree = "<group>"; };
		AA9E36FE196DCCCE00EEB9AF /* libz.dylib */ = {isa = PBXFileReference; lastKnownFileType = "compiled.mach-o.dylib"; name = libz.dylib; path = usr/lib/libz.dylib; sourceTree = SDKROOT; };
		AA9E371B196E5FCC00EEB9AF /* Cocoa.framework */ = {isa = PBXFileReference; lastKnownFileType = wrapper.framework; name = Cocoa.framework; path = System/Library/Frameworks/Cocoa.framework; sourceTree = SDKROOT; };
		AAAC97751945B19900EFEB14 /* Demo.app */ = {isa = PBXFileReference; explicitFileType = wrapper.application; includeInIndex = 0; path = Demo.app; sourceTree = BUILT_PRODUCTS_DIR; };
		AAAC97781945B19900EFEB14 /* Info.plist */ = {isa = PBXFileReference; lastKnownFileType = text.plist.xml; path = Info.plist; sourceTree = "<group>"; };
		AAAC97791945B19900EFEB14 /* main.swift */ = {isa = PBXFileReference; lastKnownFileType = sourcecode.swift; path = main.swift; sourceTree = "<group>"; };
		AAAC977B1945B19900EFEB14 /* AppDelegate.swift */ = {isa = PBXFileReference; lastKnownFileType = sourcecode.swift; path = AppDelegate.swift; sourceTree = "<group>"; };
		AAAC977D1945B19900EFEB14 /* Images.xcassets */ = {isa = PBXFileReference; lastKnownFileType = folder.assetcatalog; path = Images.xcassets; sourceTree = "<group>"; };
		AAAC97801945B19900EFEB14 /* Base */ = {isa = PBXFileReference; lastKnownFileType = file.xib; name = Base; path = Base.lproj/MainMenu.xib; sourceTree = "<group>"; };
		AAAC97861945B19900EFEB14 /* DemoTests.xctest */ = {isa = PBXFileReference; explicitFileType = wrapper.cfbundle; includeInIndex = 0; path = DemoTests.xctest; sourceTree = BUILT_PRODUCTS_DIR; };
		AAAC979C1945B21B00EFEB14 /* Storyboard.storyboard */ = {isa = PBXFileReference; fileEncoding = 4; lastKnownFileType = file.storyboard; path = Storyboard.storyboard; sourceTree = "<group>"; };
		AAAC97E81946C35600EFEB14 /* SOGraphDB.framework */ = {isa = PBXFileReference; explicitFileType = wrapper.framework; includeInIndex = 0; path = SOGraphDB.framework; sourceTree = BUILT_PRODUCTS_DIR; };
		AAB3C8961A21B68B002EB6F3 /* SOGraphDB-Mac Tests.xctest */ = {isa = PBXFileReference; explicitFileType = wrapper.cfbundle; includeInIndex = 0; path = "SOGraphDB-Mac Tests.xctest"; sourceTree = BUILT_PRODUCTS_DIR; };
		AAB3C8A61A21B73D002EB6F3 /* AppKitScripting.framework */ = {isa = PBXFileReference; lastKnownFileType = wrapper.framework; name = AppKitScripting.framework; path = System/Library/Frameworks/AppKitScripting.framework; sourceTree = SDKROOT; };
		AAB55B4519B2FBDE00843D67 /* XCTestSuiteRun */ = {isa = PBXFileReference; explicitFileType = "compiled.mach-o.executable"; includeInIndex = 0; path = XCTestSuiteRun; sourceTree = BUILT_PRODUCTS_DIR; };
		AAB55B4719B2FBDE00843D67 /* main.swift */ = {isa = PBXFileReference; lastKnownFileType = sourcecode.swift; path = main.swift; sourceTree = "<group>"; };
		AAB55B4F19B2FE8600843D67 /* SenTestingKit.framework */ = {isa = PBXFileReference; lastKnownFileType = wrapper.framework; name = SenTestingKit.framework; path = Library/Frameworks/SenTestingKit.framework; sourceTree = DEVELOPER_DIR; };
		AAB55B5119B3011100843D67 /* XCTest.framework */ = {isa = PBXFileReference; lastKnownFileType = wrapper.framework; name = XCTest.framework; path = ../../../../../Temporary/Build/Other/XCTest.framework; sourceTree = "<group>"; };
		AAB55B5319B30BD800843D67 /* LocalTest.swift */ = {isa = PBXFileReference; fileEncoding = 4; lastKnownFileType = sourcecode.swift; path = LocalTest.swift; sourceTree = "<group>"; };
		AABB0E10194823C40021A789 /* SOGraphDB-iOS Tests.xctest */ = {isa = PBXFileReference; explicitFileType = wrapper.cfbundle; includeInIndex = 0; path = "SOGraphDB-iOS Tests.xctest"; sourceTree = BUILT_PRODUCTS_DIR; };
		AAC311EF1A86A48C004690D7 /* libsqlite3.dylib */ = {isa = PBXFileReference; lastKnownFileType = "compiled.mach-o.dylib"; name = libsqlite3.dylib; path = usr/lib/libsqlite3.dylib; sourceTree = SDKROOT; };
		AADC3158198E9521000C49BB /* libswiftAppKit.dylib */ = {isa = PBXFileReference; lastKnownFileType = "compiled.mach-o.dylib"; name = libswiftAppKit.dylib; path = ../../../../../Temporary/Build/Other/libswiftAppKit.dylib; sourceTree = "<group>"; };
		AAF8C065194966A700A840E0 /* README.md */ = {isa = PBXFileReference; lastKnownFileType = net.daringfireball.markdown; path = README.md; sourceTree = SOURCE_ROOT; };
/* End PBXFileReference section */

/* Begin PBXFrameworksBuildPhase section */
		AA8A1CBF192A88A000927E1F /* Frameworks */ = {
			isa = PBXFrameworksBuildPhase;
			buildActionMask = 2147483647;
			files = (
				AADC3157198E931C000C49BB /* libz.dylib in Frameworks */,
			);
			runOnlyForDeploymentPostprocessing = 0;
		};
		AAAC97721945B19900EFEB14 /* Frameworks */ = {
			isa = PBXFrameworksBuildPhase;
			buildActionMask = 2147483647;
			files = (
			);
			runOnlyForDeploymentPostprocessing = 0;
		};
		AAAC97831945B19900EFEB14 /* Frameworks */ = {
			isa = PBXFrameworksBuildPhase;
			buildActionMask = 2147483647;
			files = (
			);
			runOnlyForDeploymentPostprocessing = 0;
		};
		AAAC97E41946C35600EFEB14 /* Frameworks */ = {
			isa = PBXFrameworksBuildPhase;
			buildActionMask = 2147483647;
			files = (
				AA9559A5196A708E00C9272F /* libz.dylib in Frameworks */,
			);
			runOnlyForDeploymentPostprocessing = 0;
		};
		AAB3C8931A21B68B002EB6F3 /* Frameworks */ = {
			isa = PBXFrameworksBuildPhase;
			buildActionMask = 2147483647;
			files = (
			);
			runOnlyForDeploymentPostprocessing = 0;
		};
		AAB55B4219B2FBDE00843D67 /* Frameworks */ = {
			isa = PBXFrameworksBuildPhase;
			buildActionMask = 2147483647;
			files = (
				AAB55B5219B3011100843D67 /* XCTest.framework in Frameworks */,
			);
			runOnlyForDeploymentPostprocessing = 0;
		};
		AABB0E0D194823C40021A789 /* Frameworks */ = {
			isa = PBXFrameworksBuildPhase;
			buildActionMask = 2147483647;
			files = (
				AA9E3704196E5C2500EEB9AF /* libz.dylib in Frameworks */,
				AABB0E16194823C40021A789 /* SOGraphDB.framework in Frameworks */,
			);
			runOnlyForDeploymentPostprocessing = 0;
		};
/* End PBXFrameworksBuildPhase section */

/* Begin PBXGroup section */
		AA00196F1FF2B2F300B62A91 /* Sources */ = {
			isa = PBXGroup;
			children = (
				AA99BA221FF6DD5500DC117C /* SOGraphDB_osx */,
				AA99BA201FF6DD1D00DC117C /* SOGraphDB_iOS */,
				AA99BA1C1FF6D3F600DC117C /* SOGraphDB_ObjC */,
				AA99BA1A1FF6D32600DC117C /* SOGraphDB_old */,
				AA99BA021FF5901200DC117C /* SOGraphDB */,
			);
			path = Sources;
			sourceTree = SOURCE_ROOT;
		};
		AA8A1CB9192A88A000927E1F = {
			isa = PBXGroup;
			children = (
				AAF8C065194966A700A840E0 /* README.md */,
				AA99BA1E1FF6DB1C00DC117C /* CHANGELOG.md */,
				AA8A1CCC192A88A000927E1F /* SOGraphDB */,
				AA00196F1FF2B2F300B62A91 /* Sources */,
				AAB55B4619B2FBDE00843D67 /* XCTestSuiteRun */,
				AA8A1CC5192A88A000927E1F /* Frameworks */,
				AA8A1CC4192A88A000927E1F /* Products */,
				AAAC97761945B19900EFEB14 /* Demo */,
			);
			sourceTree = "<group>";
		};
		AA8A1CC4192A88A000927E1F /* Products */ = {
			isa = PBXGroup;
			children = (
				AA8A1CC3192A88A000927E1F /* SOGraphDB.framework */,
				AAAC97751945B19900EFEB14 /* Demo.app */,
				AAAC97861945B19900EFEB14 /* DemoTests.xctest */,
				AAAC97E81946C35600EFEB14 /* SOGraphDB.framework */,
				AABB0E10194823C40021A789 /* SOGraphDB-iOS Tests.xctest */,
				AAB55B4519B2FBDE00843D67 /* XCTestSuiteRun */,
				AAB3C8961A21B68B002EB6F3 /* SOGraphDB-Mac Tests.xctest */,
			);
			name = Products;
			sourceTree = "<group>";
		};
		AA8A1CC5192A88A000927E1F /* Frameworks */ = {
			isa = PBXGroup;
			children = (
				AA3677CF1B41B83300BAAA3B /* SOCore.framework */,
				AA3677CD1B41B81600BAAA3B /* CloudKit.framework */,
				AAC311EF1A86A48C004690D7 /* libsqlite3.dylib */,
				AAB3C8A61A21B73D002EB6F3 /* AppKitScripting.framework */,
				AAB55B5119B3011100843D67 /* XCTest.framework */,
				AAB55B4F19B2FE8600843D67 /* SenTestingKit.framework */,
				AADC3158198E9521000C49BB /* libswiftAppKit.dylib */,
				AA9E371B196E5FCC00EEB9AF /* Cocoa.framework */,
				AA9E36FE196DCCCE00EEB9AF /* libz.dylib */,
				AA9559A4196A708E00C9272F /* libz.dylib */,
				AA8A1CDB192A88A000927E1F /* XCTest.framework */,
				AA8A1CC8192A88A000927E1F /* Other Frameworks */,
			);
			name = Frameworks;
			sourceTree = "<group>";
		};
		AA8A1CC8192A88A000927E1F /* Other Frameworks */ = {
			isa = PBXGroup;
			children = (
				AA8A1CC9192A88A000927E1F /* Foundation.framework */,
				AA8A1CCA192A88A000927E1F /* CoreData.framework */,
				AA8A1CCB192A88A000927E1F /* AppKit.framework */,
			);
			name = "Other Frameworks";
			sourceTree = "<group>";
		};
		AA8A1CCC192A88A000927E1F /* SOGraphDB */ = {
			isa = PBXGroup;
			children = (
			);
			path = SOGraphDB;
			sourceTree = "<group>";
		};
		AAAC97761945B19900EFEB14 /* Demo */ = {
			isa = PBXGroup;
			children = (
				AAAC977B1945B19900EFEB14 /* AppDelegate.swift */,
				AAAC977D1945B19900EFEB14 /* Images.xcassets */,
				AAAC977F1945B19900EFEB14 /* MainMenu.xib */,
				AAAC97771945B19900EFEB14 /* Supporting Files */,
				AAAC979E1945B24A00EFEB14 /* MacOS10.10 */,
			);
			path = Demo;
			sourceTree = "<group>";
		};
		AAAC97771945B19900EFEB14 /* Supporting Files */ = {
			isa = PBXGroup;
			children = (
				AAAC97781945B19900EFEB14 /* Info.plist */,
				AAAC97791945B19900EFEB14 /* main.swift */,
			);
			name = "Supporting Files";
			sourceTree = "<group>";
		};
		AAAC979E1945B24A00EFEB14 /* MacOS10.10 */ = {
			isa = PBXGroup;
			children = (
				AAAC979C1945B21B00EFEB14 /* Storyboard.storyboard */,
			);
			name = MacOS10.10;
			sourceTree = "<group>";
		};
		AAB55B4619B2FBDE00843D67 /* XCTestSuiteRun */ = {
			isa = PBXGroup;
			children = (
				AAB55B4719B2FBDE00843D67 /* main.swift */,
				AAB55B5319B30BD800843D67 /* LocalTest.swift */,
			);
			path = XCTestSuiteRun;
			sourceTree = "<group>";
		};
/* End PBXGroup section */

/* Begin PBXHeadersBuildPhase section */
		AA8A1CC0192A88A000927E1F /* Headers */ = {
			isa = PBXHeadersBuildPhase;
			buildActionMask = 2147483647;
			files = (
			);
			runOnlyForDeploymentPostprocessing = 0;
		};
		AAAC97E51946C35600EFEB14 /* Headers */ = {
			isa = PBXHeadersBuildPhase;
			buildActionMask = 2147483647;
			files = (
			);
			runOnlyForDeploymentPostprocessing = 0;
		};
/* End PBXHeadersBuildPhase section */

/* Begin PBXNativeTarget section */
		AA8A1CC2192A88A000927E1F /* SOGraphDB-Mac */ = {
			isa = PBXNativeTarget;
			buildConfigurationList = AA8A1CEB192A88A000927E1F /* Build configuration list for PBXNativeTarget "SOGraphDB-Mac" */;
			buildPhases = (
				AA8A1CBE192A88A000927E1F /* Sources */,
				AA8A1CBF192A88A000927E1F /* Frameworks */,
				AA8A1CC0192A88A000927E1F /* Headers */,
				AA8A1CC1192A88A000927E1F /* Resources */,
			);
			buildRules = (
			);
			dependencies = (
			);
			name = "SOGraphDB-Mac";
			productName = SOGraphDB;
			productReference = AA8A1CC3192A88A000927E1F /* SOGraphDB.framework */;
			productType = "com.apple.product-type.framework";
		};
		AAAC97741945B19900EFEB14 /* Demo */ = {
			isa = PBXNativeTarget;
			buildConfigurationList = AAAC97921945B19A00EFEB14 /* Build configuration list for PBXNativeTarget "Demo" */;
			buildPhases = (
				AAAC97711945B19900EFEB14 /* Sources */,
				AAAC97721945B19900EFEB14 /* Frameworks */,
				AAAC97731945B19900EFEB14 /* Resources */,
			);
			buildRules = (
			);
			dependencies = (
			);
			name = Demo;
			productName = Demo;
			productReference = AAAC97751945B19900EFEB14 /* Demo.app */;
			productType = "com.apple.product-type.application";
		};
		AAAC97851945B19900EFEB14 /* DemoTests */ = {
			isa = PBXNativeTarget;
			buildConfigurationList = AAAC97931945B19A00EFEB14 /* Build configuration list for PBXNativeTarget "DemoTests" */;
			buildPhases = (
				AAAC97821945B19900EFEB14 /* Sources */,
				AAAC97831945B19900EFEB14 /* Frameworks */,
				AAAC97841945B19900EFEB14 /* Resources */,
			);
			buildRules = (
			);
			dependencies = (
				AAAC97881945B19900EFEB14 /* PBXTargetDependency */,
				AAAC97951945B19B00EFEB14 /* PBXTargetDependency */,
				AAAC97971945B19B00EFEB14 /* PBXTargetDependency */,
				AAAC97991945B19B00EFEB14 /* PBXTargetDependency */,
				AAAC979B1945B19C00EFEB14 /* PBXTargetDependency */,
				AAAC97A01945B28A00EFEB14 /* PBXTargetDependency */,
			);
			name = DemoTests;
			productName = DemoTests;
			productReference = AAAC97861945B19900EFEB14 /* DemoTests.xctest */;
			productType = "com.apple.product-type.bundle.unit-test";
		};
		AAAC97E71946C35600EFEB14 /* SOGraphDB-iOS */ = {
			isa = PBXNativeTarget;
			buildConfigurationList = AAAC97FB1946C35600EFEB14 /* Build configuration list for PBXNativeTarget "SOGraphDB-iOS" */;
			buildPhases = (
				AAAC97E31946C35600EFEB14 /* Sources */,
				AAAC97E41946C35600EFEB14 /* Frameworks */,
				AAAC97E51946C35600EFEB14 /* Headers */,
				AAAC97E61946C35600EFEB14 /* Resources */,
			);
			buildRules = (
			);
			dependencies = (
			);
			name = "SOGraphDB-iOS";
			productName = "SOGraphDB-iOS";
			productReference = AAAC97E81946C35600EFEB14 /* SOGraphDB.framework */;
			productType = "com.apple.product-type.framework";
		};
		AAB3C8951A21B68B002EB6F3 /* SOGraphDB-Mac Tests */ = {
			isa = PBXNativeTarget;
			buildConfigurationList = AAB3C89F1A21B68C002EB6F3 /* Build configuration list for PBXNativeTarget "SOGraphDB-Mac Tests" */;
			buildPhases = (
				AAB3C8921A21B68B002EB6F3 /* Sources */,
				AAB3C8931A21B68B002EB6F3 /* Frameworks */,
				AAB3C8941A21B68B002EB6F3 /* Resources */,
			);
			buildRules = (
			);
			dependencies = (
				AAB3C89E1A21B68C002EB6F3 /* PBXTargetDependency */,
			);
			name = "SOGraphDB-Mac Tests";
			productName = "SOGraphDB-Mac Tests (new)";
			productReference = AAB3C8961A21B68B002EB6F3 /* SOGraphDB-Mac Tests.xctest */;
			productType = "com.apple.product-type.bundle.unit-test";
		};
		AAB55B4419B2FBDE00843D67 /* XCTestSuiteRun */ = {
			isa = PBXNativeTarget;
			buildConfigurationList = AAB55B4919B2FBDE00843D67 /* Build configuration list for PBXNativeTarget "XCTestSuiteRun" */;
			buildPhases = (
				AAB55B4119B2FBDE00843D67 /* Sources */,
				AAB55B4219B2FBDE00843D67 /* Frameworks */,
				AAB55B4319B2FBDE00843D67 /* CopyFiles */,
			);
			buildRules = (
			);
			dependencies = (
				AAB55B5619B30CA300843D67 /* PBXTargetDependency */,
			);
			name = XCTestSuiteRun;
			productName = XCTestSuiteRun;
			productReference = AAB55B4519B2FBDE00843D67 /* XCTestSuiteRun */;
			productType = "com.apple.product-type.tool";
		};
		AABB0E0F194823C40021A789 /* SOGraphDB-iOS Tests */ = {
			isa = PBXNativeTarget;
			buildConfigurationList = AABB0E19194823C40021A789 /* Build configuration list for PBXNativeTarget "SOGraphDB-iOS Tests" */;
			buildPhases = (
				AABB0E0C194823C40021A789 /* Sources */,
				AABB0E0D194823C40021A789 /* Frameworks */,
				AABB0E0E194823C40021A789 /* Resources */,
			);
			buildRules = (
			);
			dependencies = (
				AABB0E18194823C40021A789 /* PBXTargetDependency */,
				AA913BF31948256200DCA4FA /* PBXTargetDependency */,
				AA913BF51948256200DCA4FA /* PBXTargetDependency */,
				AA913BF9194825F900DCA4FA /* PBXTargetDependency */,
				AA931E01194C815A002CC728 /* PBXTargetDependency */,
				AA9E3701196E5C1400EEB9AF /* PBXTargetDependency */,
				AA9E3703196E5C1500EEB9AF /* PBXTargetDependency */,
				AA9E3720196E68A100EEB9AF /* PBXTargetDependency */,
				AA9E3722196E68A100EEB9AF /* PBXTargetDependency */,
			);
			name = "SOGraphDB-iOS Tests";
			productName = "SOGraphDB iOS Tests";
			productReference = AABB0E10194823C40021A789 /* SOGraphDB-iOS Tests.xctest */;
			productType = "com.apple.product-type.bundle.unit-test";
		};
/* End PBXNativeTarget section */

/* Begin PBXProject section */
		AA8A1CBA192A88A000927E1F /* Project object */ = {
			isa = PBXProject;
			attributes = {
				LastSwiftUpdateCheck = 0700;
				LastUpgradeCheck = 0910;
				ORGANIZATIONNAME = "Stephan Zehrer";
				TargetAttributes = {
					AA8A1CC2192A88A000927E1F = {
						LastSwiftMigration = 0810;
					};
					AAAC97741945B19900EFEB14 = {
						CreatedOnToolsVersion = 6.0;
					};
					AAAC97851945B19900EFEB14 = {
						CreatedOnToolsVersion = 6.0;
						TestTargetID = AAAC97741945B19900EFEB14;
					};
					AAAC97E71946C35600EFEB14 = {
						CreatedOnToolsVersion = 6.0;
					};
					AAB3C8951A21B68B002EB6F3 = {
						CreatedOnToolsVersion = 6.1;
						LastSwiftMigration = 0810;
					};
					AAB55B4419B2FBDE00843D67 = {
						CreatedOnToolsVersion = 6.0;
					};
					AABB0E0F194823C40021A789 = {
						CreatedOnToolsVersion = 6.0;
						TestTargetID = AAAC97E71946C35600EFEB14;
					};
				};
			};
			buildConfigurationList = AA8A1CBD192A88A000927E1F /* Build configuration list for PBXProject "SOGraphDBm" */;
			compatibilityVersion = "Xcode 3.2";
			developmentRegion = English;
			hasScannedForEncodings = 0;
			knownRegions = (
				en,
				Base,
			);
			mainGroup = AA8A1CB9192A88A000927E1F;
			productRefGroup = AA8A1CC4192A88A000927E1F /* Products */;
			projectDirPath = "";
			projectRoot = "";
			targets = (
				AA8A1CC2192A88A000927E1F /* SOGraphDB-Mac */,
				AAB3C8951A21B68B002EB6F3 /* SOGraphDB-Mac Tests */,
				AAAC97E71946C35600EFEB14 /* SOGraphDB-iOS */,
				AABB0E0F194823C40021A789 /* SOGraphDB-iOS Tests */,
				AAAC97741945B19900EFEB14 /* Demo */,
				AAAC97851945B19900EFEB14 /* DemoTests */,
				AAB55B4419B2FBDE00843D67 /* XCTestSuiteRun */,
			);
		};
/* End PBXProject section */

/* Begin PBXResourcesBuildPhase section */
		AA8A1CC1192A88A000927E1F /* Resources */ = {
			isa = PBXResourcesBuildPhase;
			buildActionMask = 2147483647;
			files = (
				AA99BA1D1FF6D3F700DC117C /* SOGraphDB_ObjC in Resources */,
				AA99BA1B1FF6D32600DC117C /* SOGraphDB_old in Resources */,
				AA99BA211FF6DD1D00DC117C /* SOGraphDB_iOS in Resources */,
				AA99BA031FF5901200DC117C /* SOGraphDB in Resources */,
				AA99BA231FF6DD5600DC117C /* SOGraphDB_osx in Resources */,
				AA99BA1F1FF6DB1D00DC117C /* CHANGELOG.md in Resources */,
			);
			runOnlyForDeploymentPostprocessing = 0;
		};
		AAAC97731945B19900EFEB14 /* Resources */ = {
			isa = PBXResourcesBuildPhase;
			buildActionMask = 2147483647;
			files = (
				AAAC977E1945B19900EFEB14 /* Images.xcassets in Resources */,
				AAAC97811945B19900EFEB14 /* MainMenu.xib in Resources */,
			);
			runOnlyForDeploymentPostprocessing = 0;
		};
		AAAC97841945B19900EFEB14 /* Resources */ = {
			isa = PBXResourcesBuildPhase;
			buildActionMask = 2147483647;
			files = (
			);
			runOnlyForDeploymentPostprocessing = 0;
		};
		AAAC97E61946C35600EFEB14 /* Resources */ = {
			isa = PBXResourcesBuildPhase;
			buildActionMask = 2147483647;
			files = (
			);
			runOnlyForDeploymentPostprocessing = 0;
		};
		AAB3C8941A21B68B002EB6F3 /* Resources */ = {
			isa = PBXResourcesBuildPhase;
			buildActionMask = 2147483647;
			files = (
			);
			runOnlyForDeploymentPostprocessing = 0;
		};
		AABB0E0E194823C40021A789 /* Resources */ = {
			isa = PBXResourcesBuildPhase;
			buildActionMask = 2147483647;
			files = (
			);
			runOnlyForDeploymentPostprocessing = 0;
		};
/* End PBXResourcesBuildPhase section */

/* Begin PBXSourcesBuildPhase section */
		AA8A1CBE192A88A000927E1F /* Sources */ = {
			isa = PBXSourcesBuildPhase;
			buildActionMask = 2147483647;
			files = (
			);
			runOnlyForDeploymentPostprocessing = 0;
		};
		AAAC97711945B19900EFEB14 /* Sources */ = {
			isa = PBXSourcesBuildPhase;
			buildActionMask = 2147483647;
			files = (
				AAAC977C1945B19900EFEB14 /* AppDelegate.swift in Sources */,
				AAAC977A1945B19900EFEB14 /* main.swift in Sources */,
			);
			runOnlyForDeploymentPostprocessing = 0;
		};
		AAAC97821945B19900EFEB14 /* Sources */ = {
			isa = PBXSourcesBuildPhase;
			buildActionMask = 2147483647;
			files = (
			);
			runOnlyForDeploymentPostprocessing = 0;
		};
		AAAC97E31946C35600EFEB14 /* Sources */ = {
			isa = PBXSourcesBuildPhase;
			buildActionMask = 2147483647;
			files = (
			);
			runOnlyForDeploymentPostprocessing = 0;
		};
		AAB3C8921A21B68B002EB6F3 /* Sources */ = {
			isa = PBXSourcesBuildPhase;
			buildActionMask = 2147483647;
			files = (
			);
			runOnlyForDeploymentPostprocessing = 0;
		};
		AAB55B4119B2FBDE00843D67 /* Sources */ = {
			isa = PBXSourcesBuildPhase;
			buildActionMask = 2147483647;
			files = (
				AAB55B4819B2FBDE00843D67 /* main.swift in Sources */,
				AAB55B5419B30BD800843D67 /* LocalTest.swift in Sources */,
			);
			runOnlyForDeploymentPostprocessing = 0;
		};
		AABB0E0C194823C40021A789 /* Sources */ = {
			isa = PBXSourcesBuildPhase;
			buildActionMask = 2147483647;
			files = (
			);
			runOnlyForDeploymentPostprocessing = 0;
		};
/* End PBXSourcesBuildPhase section */

/* Begin PBXTargetDependency section */
		AA913BF31948256200DCA4FA /* PBXTargetDependency */ = {
			isa = PBXTargetDependency;
			target = AAAC97E71946C35600EFEB14 /* SOGraphDB-iOS */;
			targetProxy = AA913BF21948256200DCA4FA /* PBXContainerItemProxy */;
		};
		AA913BF51948256200DCA4FA /* PBXTargetDependency */ = {
			isa = PBXTargetDependency;
			target = AAAC97E71946C35600EFEB14 /* SOGraphDB-iOS */;
			targetProxy = AA913BF41948256200DCA4FA /* PBXContainerItemProxy */;
		};
		AA913BF9194825F900DCA4FA /* PBXTargetDependency */ = {
			isa = PBXTargetDependency;
			target = AAAC97E71946C35600EFEB14 /* SOGraphDB-iOS */;
			targetProxy = AA913BF8194825F900DCA4FA /* PBXContainerItemProxy */;
		};
		AA931E01194C815A002CC728 /* PBXTargetDependency */ = {
			isa = PBXTargetDependency;
			target = AAAC97E71946C35600EFEB14 /* SOGraphDB-iOS */;
			targetProxy = AA931E00194C815A002CC728 /* PBXContainerItemProxy */;
		};
		AA9E3701196E5C1400EEB9AF /* PBXTargetDependency */ = {
			isa = PBXTargetDependency;
			target = AAAC97E71946C35600EFEB14 /* SOGraphDB-iOS */;
			targetProxy = AA9E3700196E5C1400EEB9AF /* PBXContainerItemProxy */;
		};
		AA9E3703196E5C1500EEB9AF /* PBXTargetDependency */ = {
			isa = PBXTargetDependency;
			target = AAAC97E71946C35600EFEB14 /* SOGraphDB-iOS */;
			targetProxy = AA9E3702196E5C1500EEB9AF /* PBXContainerItemProxy */;
		};
		AA9E3720196E68A100EEB9AF /* PBXTargetDependency */ = {
			isa = PBXTargetDependency;
			target = AAAC97E71946C35600EFEB14 /* SOGraphDB-iOS */;
			targetProxy = AA9E371F196E68A100EEB9AF /* PBXContainerItemProxy */;
		};
		AA9E3722196E68A100EEB9AF /* PBXTargetDependency */ = {
			isa = PBXTargetDependency;
			target = AAAC97E71946C35600EFEB14 /* SOGraphDB-iOS */;
			targetProxy = AA9E3721196E68A100EEB9AF /* PBXContainerItemProxy */;
		};
		AAAC97881945B19900EFEB14 /* PBXTargetDependency */ = {
			isa = PBXTargetDependency;
			target = AAAC97741945B19900EFEB14 /* Demo */;
			targetProxy = AAAC97871945B19900EFEB14 /* PBXContainerItemProxy */;
		};
		AAAC97951945B19B00EFEB14 /* PBXTargetDependency */ = {
			isa = PBXTargetDependency;
			target = AAAC97741945B19900EFEB14 /* Demo */;
			targetProxy = AAAC97941945B19B00EFEB14 /* PBXContainerItemProxy */;
		};
		AAAC97971945B19B00EFEB14 /* PBXTargetDependency */ = {
			isa = PBXTargetDependency;
			target = AAAC97741945B19900EFEB14 /* Demo */;
			targetProxy = AAAC97961945B19B00EFEB14 /* PBXContainerItemProxy */;
		};
		AAAC97991945B19B00EFEB14 /* PBXTargetDependency */ = {
			isa = PBXTargetDependency;
			target = AAAC97741945B19900EFEB14 /* Demo */;
			targetProxy = AAAC97981945B19B00EFEB14 /* PBXContainerItemProxy */;
		};
		AAAC979B1945B19C00EFEB14 /* PBXTargetDependency */ = {
			isa = PBXTargetDependency;
			target = AAAC97741945B19900EFEB14 /* Demo */;
			targetProxy = AAAC979A1945B19C00EFEB14 /* PBXContainerItemProxy */;
		};
		AAAC97A01945B28A00EFEB14 /* PBXTargetDependency */ = {
			isa = PBXTargetDependency;
			target = AAAC97741945B19900EFEB14 /* Demo */;
			targetProxy = AAAC979F1945B28A00EFEB14 /* PBXContainerItemProxy */;
		};
		AAB3C89E1A21B68C002EB6F3 /* PBXTargetDependency */ = {
			isa = PBXTargetDependency;
			target = AA8A1CC2192A88A000927E1F /* SOGraphDB-Mac */;
			targetProxy = AAB3C89D1A21B68C002EB6F3 /* PBXContainerItemProxy */;
		};
		AAB55B5619B30CA300843D67 /* PBXTargetDependency */ = {
			isa = PBXTargetDependency;
			target = AA8A1CC2192A88A000927E1F /* SOGraphDB-Mac */;
			targetProxy = AAB55B5519B30CA300843D67 /* PBXContainerItemProxy */;
		};
		AABB0E18194823C40021A789 /* PBXTargetDependency */ = {
			isa = PBXTargetDependency;
			target = AAAC97E71946C35600EFEB14 /* SOGraphDB-iOS */;
			targetProxy = AABB0E17194823C40021A789 /* PBXContainerItemProxy */;
		};
/* End PBXTargetDependency section */

/* Begin PBXVariantGroup section */
		AAAC977F1945B19900EFEB14 /* MainMenu.xib */ = {
			isa = PBXVariantGroup;
			children = (
				AAAC97801945B19900EFEB14 /* Base */,
			);
			name = MainMenu.xib;
			sourceTree = "<group>";
		};
/* End PBXVariantGroup section */

/* Begin XCBuildConfiguration section */
		AA8A1CE9192A88A000927E1F /* Debug */ = {
			isa = XCBuildConfiguration;
			buildSettings = {
				ALWAYS_EMBED_SWIFT_STANDARD_LIBRARIES = YES;
				ALWAYS_SEARCH_USER_PATHS = NO;
				CLANG_CXX_LANGUAGE_STANDARD = "gnu++0x";
				CLANG_CXX_LIBRARY = "libc++";
				CLANG_ENABLE_MODULES = YES;
				CLANG_ENABLE_OBJC_ARC = YES;
				CLANG_WARN_BLOCK_CAPTURE_AUTORELEASING = YES;
				CLANG_WARN_BOOL_CONVERSION = YES;
				CLANG_WARN_COMMA = YES;
				CLANG_WARN_CONSTANT_CONVERSION = YES;
				CLANG_WARN_DIRECT_OBJC_ISA_USAGE = YES_ERROR;
				CLANG_WARN_EMPTY_BODY = YES;
				CLANG_WARN_ENUM_CONVERSION = YES;
				CLANG_WARN_INFINITE_RECURSION = YES;
				CLANG_WARN_INT_CONVERSION = YES;
				CLANG_WARN_NON_LITERAL_NULL_CONVERSION = YES;
				CLANG_WARN_OBJC_LITERAL_CONVERSION = YES;
				CLANG_WARN_OBJC_ROOT_CLASS = YES_ERROR;
				CLANG_WARN_RANGE_LOOP_ANALYSIS = YES;
				CLANG_WARN_STRICT_PROTOTYPES = YES;
				CLANG_WARN_SUSPICIOUS_MOVE = YES;
				CLANG_WARN_UNREACHABLE_CODE = YES;
				CLANG_WARN__DUPLICATE_METHOD_MATCH = YES;
				COPY_PHASE_STRIP = NO;
				DEFINES_MODULE = YES;
				ENABLE_STRICT_OBJC_MSGSEND = YES;
				ENABLE_TESTABILITY = YES;
				GCC_C_LANGUAGE_STANDARD = "compiler-default";
				GCC_DYNAMIC_NO_PIC = NO;
				GCC_ENABLE_OBJC_EXCEPTIONS = YES;
				GCC_NO_COMMON_BLOCKS = YES;
				GCC_OPTIMIZATION_LEVEL = 0;
				GCC_PREPROCESSOR_DEFINITIONS = (
					"DEBUG=1",
					"$(inherited)",
				);
				GCC_SYMBOLS_PRIVATE_EXTERN = NO;
				GCC_WARN_64_TO_32_BIT_CONVERSION = YES;
				GCC_WARN_ABOUT_RETURN_TYPE = YES_ERROR;
				GCC_WARN_UNDECLARED_SELECTOR = YES;
				GCC_WARN_UNINITIALIZED_AUTOS = YES_AGGRESSIVE;
				GCC_WARN_UNUSED_FUNCTION = YES;
				GCC_WARN_UNUSED_VARIABLE = YES;
				IPHONEOS_DEPLOYMENT_TARGET = 8.3;
				MACOSX_DEPLOYMENT_TARGET = 10.10;
				ONLY_ACTIVE_ARCH = YES;
				SDKROOT = "";
			};
			name = Debug;
		};
		AA8A1CEA192A88A000927E1F /* Release */ = {
			isa = XCBuildConfiguration;
			buildSettings = {
				ALWAYS_EMBED_SWIFT_STANDARD_LIBRARIES = YES;
				ALWAYS_SEARCH_USER_PATHS = NO;
				CLANG_CXX_LANGUAGE_STANDARD = "gnu++0x";
				CLANG_CXX_LIBRARY = "libc++";
				CLANG_ENABLE_MODULES = YES;
				CLANG_ENABLE_OBJC_ARC = YES;
				CLANG_WARN_BLOCK_CAPTURE_AUTORELEASING = YES;
				CLANG_WARN_BOOL_CONVERSION = YES;
				CLANG_WARN_COMMA = YES;
				CLANG_WARN_CONSTANT_CONVERSION = YES;
				CLANG_WARN_DIRECT_OBJC_ISA_USAGE = YES_ERROR;
				CLANG_WARN_EMPTY_BODY = YES;
				CLANG_WARN_ENUM_CONVERSION = YES;
				CLANG_WARN_INFINITE_RECURSION = YES;
				CLANG_WARN_INT_CONVERSION = YES;
				CLANG_WARN_NON_LITERAL_NULL_CONVERSION = YES;
				CLANG_WARN_OBJC_LITERAL_CONVERSION = YES;
				CLANG_WARN_OBJC_ROOT_CLASS = YES_ERROR;
				CLANG_WARN_RANGE_LOOP_ANALYSIS = YES;
				CLANG_WARN_STRICT_PROTOTYPES = YES;
				CLANG_WARN_SUSPICIOUS_MOVE = YES;
				CLANG_WARN_UNREACHABLE_CODE = YES;
				CLANG_WARN__DUPLICATE_METHOD_MATCH = YES;
				COPY_PHASE_STRIP = YES;
				DEBUG_INFORMATION_FORMAT = "dwarf-with-dsym";
				DEFINES_MODULE = YES;
				ENABLE_NS_ASSERTIONS = NO;
				ENABLE_STRICT_OBJC_MSGSEND = YES;
				GCC_C_LANGUAGE_STANDARD = "compiler-default";
				GCC_ENABLE_OBJC_EXCEPTIONS = YES;
				GCC_NO_COMMON_BLOCKS = YES;
				GCC_WARN_64_TO_32_BIT_CONVERSION = YES;
				GCC_WARN_ABOUT_RETURN_TYPE = YES_ERROR;
				GCC_WARN_UNDECLARED_SELECTOR = YES;
				GCC_WARN_UNINITIALIZED_AUTOS = YES_AGGRESSIVE;
				GCC_WARN_UNUSED_FUNCTION = YES;
				GCC_WARN_UNUSED_VARIABLE = YES;
				IPHONEOS_DEPLOYMENT_TARGET = 8.3;
				MACOSX_DEPLOYMENT_TARGET = 10.10;
				ONLY_ACTIVE_ARCH = YES;
				SDKROOT = "";
				SWIFT_OPTIMIZATION_LEVEL = "-Owholemodule";
			};
			name = Release;
		};
		AA8A1CEC192A88A000927E1F /* Debug */ = {
			isa = XCBuildConfiguration;
			buildSettings = {
				CLANG_ENABLE_MODULES = YES;
				COMBINE_HIDPI_IMAGES = YES;
				DEFINES_MODULE = YES;
				DYLIB_COMPATIBILITY_VERSION = 1;
				DYLIB_CURRENT_VERSION = 1;
				FRAMEWORK_VERSION = A;
				GCC_PRECOMPILE_PREFIX_HEADER = YES;
				GCC_PREFIX_HEADER = "Classes/osx/SOGraphDB-Prefix.pch";
				INFOPLIST_FILE = "Classes/osx/SOGraphDB-Info.plist";
				LD_RUNPATH_SEARCH_PATHS = "$(inherited) @executable_path/../Frameworks @loader_path/../Frameworks";
				LIBRARY_SEARCH_PATHS = (
					"$(inherited)",
					"$(SDKROOT)/usr/lib/system",
				);
				PRODUCT_BUNDLE_IDENTIFIER = "com.semobj.${PRODUCT_NAME:rfc1034identifier}";
				PRODUCT_MODULE_NAME = SOGraphDB;
				PRODUCT_NAME = "$(PRODUCT_MODULE_NAME)";
				SDKROOT = macosx;
				SWIFT_OPTIMIZATION_LEVEL = "-Onone";
				SWIFT_VERSION = 3.0;
				WRAPPER_EXTENSION = framework;
			};
			name = Debug;
		};
		AA8A1CED192A88A000927E1F /* Release */ = {
			isa = XCBuildConfiguration;
			buildSettings = {
				CLANG_ENABLE_MODULES = YES;
				COMBINE_HIDPI_IMAGES = YES;
				DEFINES_MODULE = YES;
				DYLIB_COMPATIBILITY_VERSION = 1;
				DYLIB_CURRENT_VERSION = 1;
				FRAMEWORK_VERSION = A;
				GCC_PRECOMPILE_PREFIX_HEADER = YES;
				GCC_PREFIX_HEADER = "Classes/osx/SOGraphDB-Prefix.pch";
				INFOPLIST_FILE = "Classes/osx/SOGraphDB-Info.plist";
				LD_RUNPATH_SEARCH_PATHS = "$(inherited) @executable_path/../Frameworks @loader_path/../Frameworks";
				LIBRARY_SEARCH_PATHS = (
					"$(inherited)",
					"$(SDKROOT)/usr/lib/system",
				);
				PRODUCT_BUNDLE_IDENTIFIER = "com.semobj.${PRODUCT_NAME:rfc1034identifier}";
				PRODUCT_MODULE_NAME = SOGraphDB;
				PRODUCT_NAME = "$(PRODUCT_MODULE_NAME)";
				SDKROOT = macosx;
				SWIFT_VERSION = 3.0;
				WRAPPER_EXTENSION = framework;
			};
			name = Release;
		};
		AAAC978E1945B19A00EFEB14 /* Debug */ = {
			isa = XCBuildConfiguration;
			buildSettings = {
				ASSETCATALOG_COMPILER_APPICON_NAME = AppIcon;
				CLANG_WARN_UNREACHABLE_CODE = YES;
				CODE_SIGN_IDENTITY = "-";
				COMBINE_HIDPI_IMAGES = YES;
				ENABLE_STRICT_OBJC_MSGSEND = YES;
				GCC_C_LANGUAGE_STANDARD = gnu99;
				GCC_PREPROCESSOR_DEFINITIONS = (
					"DEBUG=1",
					"$(inherited)",
				);
				INFOPLIST_FILE = Demo/Info.plist;
				LD_RUNPATH_SEARCH_PATHS = "$(inherited) @executable_path/../Frameworks";
				METAL_ENABLE_DEBUG_INFO = YES;
				PRODUCT_BUNDLE_IDENTIFIER = "com.semobj.graphdb.${PRODUCT_NAME:rfc1034identifier}";
				PRODUCT_NAME = "$(TARGET_NAME)";
				SDKROOT = macosx;
				SWIFT_OPTIMIZATION_LEVEL = "-Onone";
			};
			name = Debug;
		};
		AAAC978F1945B19A00EFEB14 /* Release */ = {
			isa = XCBuildConfiguration;
			buildSettings = {
				ASSETCATALOG_COMPILER_APPICON_NAME = AppIcon;
				CLANG_WARN_UNREACHABLE_CODE = YES;
				CODE_SIGN_IDENTITY = "-";
				COMBINE_HIDPI_IMAGES = YES;
				ENABLE_STRICT_OBJC_MSGSEND = YES;
				GCC_C_LANGUAGE_STANDARD = gnu99;
				INFOPLIST_FILE = Demo/Info.plist;
				LD_RUNPATH_SEARCH_PATHS = "$(inherited) @executable_path/../Frameworks";
				METAL_ENABLE_DEBUG_INFO = NO;
				PRODUCT_BUNDLE_IDENTIFIER = "com.semobj.graphdb.${PRODUCT_NAME:rfc1034identifier}";
				PRODUCT_NAME = "$(TARGET_NAME)";
				SDKROOT = macosx;
			};
			name = Release;
		};
		AAAC97901945B19A00EFEB14 /* Debug */ = {
			isa = XCBuildConfiguration;
			buildSettings = {
				BUNDLE_LOADER = "$(BUILT_PRODUCTS_DIR)/Demo.app/Contents/MacOS/Demo";
				CLANG_WARN_UNREACHABLE_CODE = YES;
				COMBINE_HIDPI_IMAGES = YES;
				ENABLE_STRICT_OBJC_MSGSEND = YES;
				FRAMEWORK_SEARCH_PATHS = (
					"$(DEVELOPER_FRAMEWORKS_DIR)",
					"$(inherited)",
				);
				GCC_C_LANGUAGE_STANDARD = gnu99;
				GCC_PREPROCESSOR_DEFINITIONS = (
					"DEBUG=1",
					"$(inherited)",
				);
				INFOPLIST_FILE = DemoTests/Info.plist;
				LD_RUNPATH_SEARCH_PATHS = "$(inherited) @executable_path/../Frameworks @loader_path/../Frameworks";
				METAL_ENABLE_DEBUG_INFO = YES;
				PRODUCT_NAME = "$(TARGET_NAME)";
				SDKROOT = macosx;
				TEST_HOST = "$(BUNDLE_LOADER)";
			};
			name = Debug;
		};
		AAAC97911945B19A00EFEB14 /* Release */ = {
			isa = XCBuildConfiguration;
			buildSettings = {
				BUNDLE_LOADER = "$(BUILT_PRODUCTS_DIR)/Demo.app/Contents/MacOS/Demo";
				CLANG_WARN_UNREACHABLE_CODE = YES;
				COMBINE_HIDPI_IMAGES = YES;
				ENABLE_STRICT_OBJC_MSGSEND = YES;
				FRAMEWORK_SEARCH_PATHS = (
					"$(DEVELOPER_FRAMEWORKS_DIR)",
					"$(inherited)",
				);
				GCC_C_LANGUAGE_STANDARD = gnu99;
				INFOPLIST_FILE = DemoTests/Info.plist;
				LD_RUNPATH_SEARCH_PATHS = "$(inherited) @executable_path/../Frameworks @loader_path/../Frameworks";
				METAL_ENABLE_DEBUG_INFO = NO;
				PRODUCT_NAME = "$(TARGET_NAME)";
				SDKROOT = macosx;
				TEST_HOST = "$(BUNDLE_LOADER)";
			};
			name = Release;
		};
		AAAC97FC1946C35600EFEB14 /* Debug */ = {
			isa = XCBuildConfiguration;
			buildSettings = {
				CLANG_WARN_UNREACHABLE_CODE = YES;
				"CODE_SIGN_IDENTITY[sdk=iphoneos*]" = "";
				CURRENT_PROJECT_VERSION = 1;
				DEFINES_MODULE = YES;
				DYLIB_COMPATIBILITY_VERSION = 1;
				DYLIB_CURRENT_VERSION = 1;
				DYLIB_INSTALL_NAME_BASE = "@rpath";
				ENABLE_STRICT_OBJC_MSGSEND = YES;
				GCC_C_LANGUAGE_STANDARD = gnu99;
				GCC_PREFIX_HEADER = "Classes/ios/SOGraphDB-Prefix.pch";
				GCC_PREPROCESSOR_DEFINITIONS = (
					"DEBUG=1",
					"$(inherited)",
				);
				INFOPLIST_FILE = Classes/ios/Info.plist;
				INSTALL_PATH = "$(LOCAL_LIBRARY_DIR)/Frameworks";
				IPHONEOS_DEPLOYMENT_TARGET = 8.0;
				LD_RUNPATH_SEARCH_PATHS = "$(inherited) @executable_path/Frameworks @loader_path/Frameworks";
				LIBRARY_SEARCH_PATHS = (
					"$(inherited)",
					"$(SDKROOT)/usr/lib/system",
				);
				METAL_ENABLE_DEBUG_INFO = YES;
				PRODUCT_BUNDLE_IDENTIFIER = "com.semobj.${PRODUCT_NAME:rfc1034identifier}";
				PRODUCT_MODULE_NAME = SOGraphDB;
				PRODUCT_NAME = "$(PRODUCT_MODULE_NAME)";
				SDKROOT = iphoneos;
				SKIP_INSTALL = YES;
				SWIFT_OPTIMIZATION_LEVEL = "-Onone";
				TARGETED_DEVICE_FAMILY = "1,2";
				VERSIONING_SYSTEM = "apple-generic";
				VERSION_INFO_PREFIX = "";
			};
			name = Debug;
		};
		AAAC97FD1946C35600EFEB14 /* Release */ = {
			isa = XCBuildConfiguration;
			buildSettings = {
				CLANG_WARN_UNREACHABLE_CODE = YES;
				"CODE_SIGN_IDENTITY[sdk=iphoneos*]" = "";
				CURRENT_PROJECT_VERSION = 1;
				DEFINES_MODULE = YES;
				DYLIB_COMPATIBILITY_VERSION = 1;
				DYLIB_CURRENT_VERSION = 1;
				DYLIB_INSTALL_NAME_BASE = "@rpath";
				ENABLE_STRICT_OBJC_MSGSEND = YES;
				GCC_C_LANGUAGE_STANDARD = gnu99;
				GCC_PREFIX_HEADER = "Classes/ios/SOGraphDB-Prefix.pch";
				INFOPLIST_FILE = Classes/ios/Info.plist;
				INSTALL_PATH = "$(LOCAL_LIBRARY_DIR)/Frameworks";
				IPHONEOS_DEPLOYMENT_TARGET = 8.0;
				LD_RUNPATH_SEARCH_PATHS = "$(inherited) @executable_path/Frameworks @loader_path/Frameworks";
				LIBRARY_SEARCH_PATHS = (
					"$(inherited)",
					"$(SDKROOT)/usr/lib/system",
				);
				METAL_ENABLE_DEBUG_INFO = NO;
				PRODUCT_BUNDLE_IDENTIFIER = "com.semobj.${PRODUCT_NAME:rfc1034identifier}";
				PRODUCT_MODULE_NAME = SOGraphDB;
				PRODUCT_NAME = "$(PRODUCT_MODULE_NAME)";
				SDKROOT = iphoneos;
				SKIP_INSTALL = YES;
				TARGETED_DEVICE_FAMILY = "1,2";
				VALIDATE_PRODUCT = YES;
				VERSIONING_SYSTEM = "apple-generic";
				VERSION_INFO_PREFIX = "";
			};
			name = Release;
		};
		AAB3C8A01A21B68C002EB6F3 /* Debug */ = {
			isa = XCBuildConfiguration;
			buildSettings = {
				CLANG_WARN_UNREACHABLE_CODE = YES;
				COMBINE_HIDPI_IMAGES = YES;
				ENABLE_STRICT_OBJC_MSGSEND = YES;
				FRAMEWORK_SEARCH_PATHS = (
					"$(DEVELOPER_FRAMEWORKS_DIR)",
					"$(inherited)",
				);
				GCC_C_LANGUAGE_STANDARD = gnu99;
				GCC_PREPROCESSOR_DEFINITIONS = (
					"DEBUG=1",
					"$(inherited)",
				);
				INFOPLIST_FILE = "SOGraphDB-Mac Tests (new)/Info.plist";
				LD_RUNPATH_SEARCH_PATHS = "$(inherited) @executable_path/../Frameworks @loader_path/../Frameworks";
				LIBRARY_SEARCH_PATHS = "$(inherited)";
				MACOSX_DEPLOYMENT_TARGET = 10.10;
				MTL_ENABLE_DEBUG_INFO = YES;
				PRODUCT_BUNDLE_IDENTIFIER = "net.zehrer.test.$(PRODUCT_NAME:rfc1034identifier)";
				PRODUCT_NAME = "$(TARGET_NAME)";
				SDKROOT = macosx;
				SWIFT_OPTIMIZATION_LEVEL = "-Onone";
				SWIFT_VERSION = 3.0;
			};
			name = Debug;
		};
		AAB3C8A11A21B68C002EB6F3 /* Release */ = {
			isa = XCBuildConfiguration;
			buildSettings = {
				CLANG_WARN_UNREACHABLE_CODE = YES;
				COMBINE_HIDPI_IMAGES = YES;
				ENABLE_STRICT_OBJC_MSGSEND = YES;
				FRAMEWORK_SEARCH_PATHS = (
					"$(DEVELOPER_FRAMEWORKS_DIR)",
					"$(inherited)",
				);
				GCC_C_LANGUAGE_STANDARD = gnu99;
				INFOPLIST_FILE = "SOGraphDB-Mac Tests (new)/Info.plist";
				LD_RUNPATH_SEARCH_PATHS = "$(inherited) @executable_path/../Frameworks @loader_path/../Frameworks";
				LIBRARY_SEARCH_PATHS = "$(inherited)";
				MACOSX_DEPLOYMENT_TARGET = 10.10;
				MTL_ENABLE_DEBUG_INFO = NO;
				PRODUCT_BUNDLE_IDENTIFIER = "net.zehrer.test.$(PRODUCT_NAME:rfc1034identifier)";
				PRODUCT_NAME = "$(TARGET_NAME)";
				SDKROOT = macosx;
				SWIFT_VERSION = 3.0;
			};
			name = Release;
		};
		AAB55B4A19B2FBDE00843D67 /* Debug */ = {
			isa = XCBuildConfiguration;
			buildSettings = {
				CLANG_WARN_UNREACHABLE_CODE = YES;
				ENABLE_STRICT_OBJC_MSGSEND = YES;
				FRAMEWORK_SEARCH_PATHS = (
					"$(inherited)",
					"$(DEVELOPER_FRAMEWORKS_DIR)",
					/Users/steve/Temporary/Build/Other,
				);
				GCC_C_LANGUAGE_STANDARD = gnu99;
				GCC_PREPROCESSOR_DEFINITIONS = (
					"DEBUG=1",
					"$(inherited)",
				);
				LD_RUNPATH_SEARCH_PATHS = " $(DEVELOPER_DIR)/Platforms/MacOSX.platform/Developer/Library/Frameworks";
				MTL_ENABLE_DEBUG_INFO = YES;
				PRODUCT_NAME = "$(TARGET_NAME)";
				SDKROOT = macosx;
				SWIFT_OPTIMIZATION_LEVEL = "-Onone";
			};
			name = Debug;
		};
		AAB55B4B19B2FBDE00843D67 /* Release */ = {
			isa = XCBuildConfiguration;
			buildSettings = {
				CLANG_WARN_UNREACHABLE_CODE = YES;
				ENABLE_STRICT_OBJC_MSGSEND = YES;
				FRAMEWORK_SEARCH_PATHS = (
					"$(inherited)",
					"$(DEVELOPER_FRAMEWORKS_DIR)",
					/Users/steve/Temporary/Build/Other,
				);
				GCC_C_LANGUAGE_STANDARD = gnu99;
				MTL_ENABLE_DEBUG_INFO = NO;
				PRODUCT_NAME = "$(TARGET_NAME)";
				SDKROOT = macosx;
			};
			name = Release;
		};
		AABB0E1A194823C40021A789 /* Debug */ = {
			isa = XCBuildConfiguration;
			buildSettings = {
				CLANG_ALLOW_NON_MODULAR_INCLUDES_IN_FRAMEWORK_MODULES = YES;
				CLANG_ENABLE_MODULES = YES;
				CLANG_WARN_UNREACHABLE_CODE = YES;
				ENABLE_STRICT_OBJC_MSGSEND = YES;
				FRAMEWORK_SEARCH_PATHS = (
					"$(SDKROOT)/Developer/Library/Frameworks",
					"$(inherited)",
					"$(DEVELOPER_FRAMEWORKS_DIR)",
				);
				GCC_C_LANGUAGE_STANDARD = gnu99;
				GCC_PREPROCESSOR_DEFINITIONS = (
					"DEBUG=1",
					"$(inherited)",
				);
				INFOPLIST_FILE = Tests/ios/Info.plist;
				LD_RUNPATH_SEARCH_PATHS = "$(inherited) @executable_path/Frameworks @loader_path/Frameworks";
				METAL_ENABLE_DEBUG_INFO = YES;
				PRODUCT_BUNDLE_IDENTIFIER = "com.semobj.${PRODUCT_NAME:rfc1034identifier}";
				PRODUCT_NAME = "$(TARGET_NAME)";
				SDKROOT = iphoneos;
				SWIFT_OBJC_BRIDGING_HEADER = "SOGraphDB-iOS Tests-Bridging-Header.h";
				SWIFT_OPTIMIZATION_LEVEL = "-Onone";
			};
			name = Debug;
		};
		AABB0E1B194823C40021A789 /* Release */ = {
			isa = XCBuildConfiguration;
			buildSettings = {
				CLANG_ALLOW_NON_MODULAR_INCLUDES_IN_FRAMEWORK_MODULES = YES;
				CLANG_ENABLE_MODULES = YES;
				CLANG_WARN_UNREACHABLE_CODE = YES;
				ENABLE_STRICT_OBJC_MSGSEND = YES;
				FRAMEWORK_SEARCH_PATHS = (
					"$(SDKROOT)/Developer/Library/Frameworks",
					"$(inherited)",
					"$(DEVELOPER_FRAMEWORKS_DIR)",
				);
				GCC_C_LANGUAGE_STANDARD = gnu99;
				INFOPLIST_FILE = Tests/ios/Info.plist;
				LD_RUNPATH_SEARCH_PATHS = "$(inherited) @executable_path/Frameworks @loader_path/Frameworks";
				METAL_ENABLE_DEBUG_INFO = NO;
				PRODUCT_BUNDLE_IDENTIFIER = "com.semobj.${PRODUCT_NAME:rfc1034identifier}";
				PRODUCT_NAME = "$(TARGET_NAME)";
				SDKROOT = iphoneos;
				SWIFT_OBJC_BRIDGING_HEADER = "SOGraphDB-iOS Tests-Bridging-Header.h";
				VALIDATE_PRODUCT = YES;
			};
			name = Release;
		};
/* End XCBuildConfiguration section */

/* Begin XCConfigurationList section */
		AA8A1CBD192A88A000927E1F /* Build configuration list for PBXProject "SOGraphDBm" */ = {
			isa = XCConfigurationList;
			buildConfigurations = (
				AA8A1CE9192A88A000927E1F /* Debug */,
				AA8A1CEA192A88A000927E1F /* Release */,
			);
			defaultConfigurationIsVisible = 0;
			defaultConfigurationName = Release;
		};
		AA8A1CEB192A88A000927E1F /* Build configuration list for PBXNativeTarget "SOGraphDB-Mac" */ = {
			isa = XCConfigurationList;
			buildConfigurations = (
				AA8A1CEC192A88A000927E1F /* Debug */,
				AA8A1CED192A88A000927E1F /* Release */,
			);
			defaultConfigurationIsVisible = 0;
			defaultConfigurationName = Release;
		};
		AAAC97921945B19A00EFEB14 /* Build configuration list for PBXNativeTarget "Demo" */ = {
			isa = XCConfigurationList;
			buildConfigurations = (
				AAAC978E1945B19A00EFEB14 /* Debug */,
				AAAC978F1945B19A00EFEB14 /* Release */,
			);
			defaultConfigurationIsVisible = 0;
			defaultConfigurationName = Release;
		};
		AAAC97931945B19A00EFEB14 /* Build configuration list for PBXNativeTarget "DemoTests" */ = {
			isa = XCConfigurationList;
			buildConfigurations = (
				AAAC97901945B19A00EFEB14 /* Debug */,
				AAAC97911945B19A00EFEB14 /* Release */,
			);
			defaultConfigurationIsVisible = 0;
			defaultConfigurationName = Release;
		};
		AAAC97FB1946C35600EFEB14 /* Build configuration list for PBXNativeTarget "SOGraphDB-iOS" */ = {
			isa = XCConfigurationList;
			buildConfigurations = (
				AAAC97FC1946C35600EFEB14 /* Debug */,
				AAAC97FD1946C35600EFEB14 /* Release */,
			);
			defaultConfigurationIsVisible = 0;
			defaultConfigurationName = Release;
		};
		AAB3C89F1A21B68C002EB6F3 /* Build configuration list for PBXNativeTarget "SOGraphDB-Mac Tests" */ = {
			isa = XCConfigurationList;
			buildConfigurations = (
				AAB3C8A01A21B68C002EB6F3 /* Debug */,
				AAB3C8A11A21B68C002EB6F3 /* Release */,
			);
			defaultConfigurationIsVisible = 0;
			defaultConfigurationName = Release;
		};
		AAB55B4919B2FBDE00843D67 /* Build configuration list for PBXNativeTarget "XCTestSuiteRun" */ = {
			isa = XCConfigurationList;
			buildConfigurations = (
				AAB55B4A19B2FBDE00843D67 /* Debug */,
				AAB55B4B19B2FBDE00843D67 /* Release */,
			);
			defaultConfigurationIsVisible = 0;
			defaultConfigurationName = Release;
		};
		AABB0E19194823C40021A789 /* Build configuration list for PBXNativeTarget "SOGraphDB-iOS Tests" */ = {
			isa = XCConfigurationList;
			buildConfigurations = (
				AABB0E1A194823C40021A789 /* Debug */,
				AABB0E1B194823C40021A789 /* Release */,
			);
			defaultConfigurationIsVisible = 0;
			defaultConfigurationName = Release;
		};
/* End XCConfigurationList section */
	};
	rootObject = AA8A1CBA192A88A000927E1F /* Project object */;
}
